
Microsoft Visual Studio Solution File, Format Version 11.00
# Visual Studio 2010
Project("{8BC9CEB8-8B4A-11D0-8D11-00A0C91BC942}") = "KH2Dumper", "KH2Dumper\KH2Dumper.vcxproj", "{5A57229C-806D-4D05-9B3F-9E4E881554F9}"
EndProject
Project("{8BC9CEB8-8B4A-11D0-8D11-00A0C91BC942}") = "KH2PatchApply", "KH2PatchApply\KH2PatchApply.vcxproj", "{4584C128-F37F-40EC-98B9-563858280CF9}"
EndProject
Project("{8BC9CEB8-8B4A-11D0-8D11-00A0C91BC942}") = "KH2PatchCreator", "KH2PatchCreator\KH2PatchCreator.vcxproj", "{F5B7B038-67F9-4880-8FE1-B496CB05828D}"
EndProject
Global
	GlobalSection(SolutionConfigurationPlatforms) = preSolution
		Debug|Win32 = Debug|Win32
		Debug|x64 = Debug|x64
		Release|Win32 = Release|Win32
		Release|x64 = Release|x64
	EndGlobalSection
	GlobalSection(ProjectConfigurationPlatforms) = postSolution
		{5A57229C-806D-4D05-9B3F-9E4E881554F9}.Debug|Win32.ActiveCfg = Debug|Win32
		{5A57229C-806D-4D05-9B3F-9E4E881554F9}.Debug|Win32.Build.0 = Debug|Win32
		{5A57229C-806D-4D05-9B3F-9E4E881554F9}.Debug|x64.ActiveCfg = Debug|x64
		{5A57229C-806D-4D05-9B3F-9E4E881554F9}.Debug|x64.Build.0 = Debug|x64
		{5A57229C-806D-4D05-9B3F-9E4E881554F9}.Release|Win32.ActiveCfg = Release|Win32
		{5A57229C-806D-4D05-9B3F-9E4E881554F9}.Release|Win32.Build.0 = Release|Win32
		{5A57229C-806D-4D05-9B3F-9E4E881554F9}.Release|x64.ActiveCfg = Release|x64
		{5A57229C-806D-4D05-9B3F-9E4E881554F9}.Release|x64.Build.0 = Release|x64
		{4584C128-F37F-40EC-98B9-563858280CF9}.Debug|Win32.ActiveCfg = Debug|Win32
		{4584C128-F37F-40EC-98B9-563858280CF9}.Debug|Win32.Build.0 = Debug|Win32
		{4584C128-F37F-40EC-98B9-563858280CF9}.Debug|x64.ActiveCfg = Debug|Win32
		{4584C128-F37F-40EC-98B9-563858280CF9}.Release|Win32.ActiveCfg = Release|Win32
		{4584C128-F37F-40EC-98B9-563858280CF9}.Release|Win32.Build.0 = Release|Win32
		{4584C128-F37F-40EC-98B9-563858280CF9}.Release|x64.ActiveCfg = Release|Win32
		{F5B7B038-67F9-4880-8FE1-B496CB05828D}.Debug|Win32.ActiveCfg = Debug|Win32
		{F5B7B038-67F9-4880-8FE1-B496CB05828D}.Debug|Win32.Build.0 = Debug|Win32
		{F5B7B038-67F9-4880-8FE1-B496CB05828D}.Debug|x64.ActiveCfg = Debug|Win32
		{F5B7B038-67F9-4880-8FE1-B496CB05828D}.Release|Win32.ActiveCfg = Release|Win32
		{F5B7B038-67F9-4880-8FE1-B496CB05828D}.Release|Win32.Build.0 = Release|Win32
		{F5B7B038-67F9-4880-8FE1-B496CB05828D}.Release|x64.ActiveCfg = Release|Win32
	EndGlobalSection
	GlobalSection(SolutionProperties) = preSolution
		HideSolutionNode = FALSE
	EndGlobalSection
EndGlobal
